// !$*UTF8*$!
{
	archiveVersion = 1;
	classes = {
	};
	objectVersion = 46;
	objects = {

/* Begin PBXBuildFile section */
		CD9E800C17DF2B63006DE19D /* main.c in Sources */ = {isa = PBXBuildFile; fileRef = CD9E800B17DF2B63006DE19D /* main.c */; };
		CD9E800E17DF2B63006DE19D /* Damspel.1 in CopyFiles */ = {isa = PBXBuildFile; fileRef = CD9E800D17DF2B63006DE19D /* Damspel.1 */; };
/* End PBXBuildFile section */

/* Begin PBXCopyFilesBuildPhase section */
		CD9E800617DF2B63006DE19D /* CopyFiles */ = {
			isa = PBXCopyFilesBuildPhase;
			buildActionMask = 2147483647;
			dstPath = /usr/share/man/man1/;
			dstSubfolderSpec = 0;
			files = (
				CD9E800E17DF2B63006DE19D /* Damspel.1 in CopyFiles */,
			);
			runOnlyForDeploymentPostprocessing = 1;
		};
/* End PBXCopyFilesBuildPhase section */

/* Begin PBXFileReference section */
		CD9E800817DF2B63006DE19D /* Damspel */ = {isa = PBXFileReference; explicitFileType = "compiled.mach-o.executable"; includeInIndex = 0; path = Damspel; sourceTree = BUILT_PRODUCTS_DIR; };
		CD9E800B17DF2B63006DE19D /* main.c */ = {isa = PBXFileReference; lastKnownFileType = sourcecode.c.c; path = main.c; sourceTree = "<group>"; };
		CD9E800D17DF2B63006DE19D /* Damspel.1 */ = {isa = PBXFileReference; lastKnownFileType = text.man; path = Damspel.1; sourceTree = "<group>"; };
/* End PBXFileReference section */

/* Begin PBXFrameworksBuildPhase section */
		CD9E800517DF2B63006DE19D /* Frameworks */ = {
			isa = PBXFrameworksBuildPhase;
			buildActionMask = 2147483647;
			files = (
			);
			runOnlyForDeploymentPostprocessing = 0;
		};
/* End PBXFrameworksBuildPhase section */

/* Begin PBXGroup section */
		CD9E7FFF17DF2B63006DE19D = {
			isa = PBXGroup;
			children = (
				CD9E800A17DF2B63006DE19D /* Damspel */,
				CD9E800917DF2B63006DE19D /* Products */,
			);
			sourceTree = "<group>";
		};
		CD9E800917DF2B63006DE19D /* Products */ = {
			isa = PBXGroup;
			children = (
				CD9E800817DF2B63006DE19D /* Damspel */,
			);
			name = Products;
			sourceTree = "<group>";
		};
		CD9E800A17DF2B63006DE19D /* Damspel */ = {
			isa = PBXGroup;
			children = (
				CD9E800B17DF2B63006DE19D /* main.c */,
				CD9E800D17DF2B63006DE19D /* Damspel.1 */,
			);
			path = Damspel;
			sourceTree = "<group>";
		};
/* End PBXGroup section */

/* Begin PBXNativeTarget section */
		CD9E800717DF2B63006DE19D /* Damspel */ = {
			isa = PBXNativeTarget;
			buildConfigurationList = CD9E801117DF2B63006DE19D /* Build configuration list for PBXNativeTarget "Damspel" */;
			buildPhases = (
				CD9E800417DF2B63006DE19D /* Sources */,
				CD9E800517DF2B63006DE19D /* Frameworks */,
				CD9E800617DF2B63006DE19D /* CopyFiles */,
			);
			buildRules = (
			);
			dependencies = (
			);
			name = Damspel;
			productName = Damspel;
			productReference = CD9E800817DF2B63006DE19D /* Damspel */;
			productType = "com.apple.product-type.tool";
		};
/* End PBXNativeTarget section */

/* Begin PBXProject section */
		CD9E800017DF2B63006DE19D /* Project object */ = {
			isa = PBXProject;
			attributes = {
				LastUpgradeCheck = 0460;
				ORGANIZATIONNAME = "KB50-1";
			};
			buildConfigurationList = CD9E800317DF2B63006DE19D /* Build configuration list for PBXProject "Damspel" */;
			compatibilityVersion = "Xcode 3.2";
			developmentRegion = English;
			hasScannedForEncodings = 0;
			knownRegions = (
				en,
			);
			mainGroup = CD9E7FFF17DF2B63006DE19D;
			productRefGroup = CD9E800917DF2B63006DE19D /* Products */;
			projectDirPath = "";
			projectRoot = "";
			targets = (
				CD9E800717DF2B63006DE19D /* Damspel */,
			);
		};
/* End PBXProject section */

/* Begin PBXSourcesBuildPhase section */
		CD9E800417DF2B63006DE19D /* Sources */ = {
			isa = PBXSourcesBuildPhase;
			buildActionMask = 2147483647;
			files = (
				CD9E800C17DF2B63006DE19D /* main.c in Sources */,
			);
			runOnlyForDeploymentPostprocessing = 0;
		};
/* End PBXSourcesBuildPhase section */

/* Begin XCBuildConfiguration section */
		CD9E800F17DF2B63006DE19D /* Debug */ = {
			isa = XCBuildConfiguration;
			buildSettings = {
				ALWAYS_SEARCH_USER_PATHS = NO;
				ARCHS = "$(ARCHS_STANDARD_64_BIT)";
				CLANG_CXX_LANGUAGE_STANDARD = "gnu++0x";
				CLANG_CXX_LIBRARY = "libc++";
				CLANG_WARN_CONSTANT_CONVERSION = YES;
				CLANG_WARN_EMPTY_BODY = YES;
				CLANG_WARN_ENUM_CONVERSION = YES;
				CLANG_WARN_INT_CONVERSION = YES;
				CLANG_WARN__DUPLICATE_METHOD_MATCH = YES;
				COPY_PHASE_STRIP = NO;
				GCC_C_LANGUAGE_STANDARD = gnu99;
				GCC_DYNAMIC_NO_PIC = NO;
				GCC_ENABLE_OBJC_EXCEPTIONS = YES;
				GCC_OPTIMIZATION_LEVEL = 0;
				GCC_PREPROCESSOR_DEFINITIONS = (
					"DEBUG=1",
					"$(inherited)",
				);
				GCC_SYMBOLS_PRIVATE_EXTERN = NO;
				GCC_WARN_64_TO_32_BIT_CONVERSION = YES;
				GCC_WARN_ABOUT_RETURN_TYPE = YES;
				GCC_WARN_UNINITIALIZED_AUTOS = YES;
				GCC_WARN_UNUSED_VARIABLE = YES;
				MACOSX_DEPLOYMENT_TARGET = 10.8;
				ONLY_ACTIVE_ARCH = YES;
				SDKROOT = macosx;
			};
			name = Debug;
		};
		CD9E801017DF2B63006DE19D /* Release */ = {
			isa = XCBuildConfiguration;
			buildSettings = {
				ALWAYS_SEARCH_USER_PATHS = NO;
				ARCHS = "$(ARCHS_STANDARD_64_BIT)";
				CLANG_CXX_LANGUAGE_STANDARD = "gnu++0x";
				CLANG_CXX_LIBRARY = "libc++";
				CLANG_WARN_CONSTANT_CONVERSION = YES;
				CLANG_WARN_EMPTY_BODY = YES;
				CLANG_WARN_ENUM_CONVERSION = YES;
				CLANG_WARN_INT_CONVERSION = YES;
				CLANG_WARN__DUPLICATE_METHOD_MATCH = YES;
				COPY_PHASE_STRIP = YES;
				DEBUG_INFORMATION_FORMAT = "dwarf-with-dsym";
				GCC_C_LANGUAGE_STANDARD = gnu99;
				GCC_ENABLE_OBJC_EXCEPTIONS = YES;
				GCC_WARN_64_TO_32_BIT_CONVERSION = YES;
				GCC_WARN_ABOUT_RETURN_TYPE = YES;
				GCC_WARN_UNINITIALIZED_AUTOS = YES;
				GCC_WARN_UNUSED_VARIABLE = YES;
				MACOSX_DEPLOYMENT_TARGET = 10.8;
				SDKROOT = macosx;
			};
			name = Release;
		};
		CD9E801217DF2B63006DE19D /* Debug */ = {
			isa = XCBuildConfiguration;
			buildSettings = {
				PRODUCT_NAME = "$(TARGET_NAME)";
			};
			name = Debug;
		};
		CD9E801317DF2B63006DE19D /* Release */ = {
			isa = XCBuildConfiguration;
			buildSettings = {
				PRODUCT_NAME = "$(TARGET_NAME)";
			};
			name = Release;
		};
/* End XCBuildConfiguration section */

/* Begin XCConfigurationList section */
		CD9E800317DF2B63006DE19D /* Build configuration list for PBXProject "Damspel" */ = {
			isa = XCConfigurationList;
			buildConfigurations = (
				CD9E800F17DF2B63006DE19D /* Debug */,
				CD9E801017DF2B63006DE19D /* Release */,
			);
			defaultConfigurationIsVisible = 0;
			defaultConfigurationName = Release;
		};
		CD9E801117DF2B63006DE19D /* Build configuration list for PBXNativeTarget "Damspel" */ = {
			isa = XCConfigurationList;
			buildConfigurations = (
				CD9E801217DF2B63006DE19D /* Debug */,
				CD9E801317DF2B63006DE19D /* Release */,
			);
			defaultConfigurationIsVisible = 0;
		};
/* End XCConfigurationList section */
	};
	rootObject = CD9E800017DF2B63006DE19D /* Project object */;
}
